// !$*UTF8*$!
{
	archiveVersion = 1;
	classes = {
	};
	objectVersion = 50;
	objects = {

/* Begin PBXBuildFile section */
		F169F6E324C2086700CA3870 /* MovieApiAlertVC.swift in Sources */ = {isa = PBXBuildFile; fileRef = F169F6E224C2086700CA3870 /* MovieApiAlertVC.swift */; };
		F169F6EB24C234EA00CA3870 /* SearchController+Ext.swift in Sources */ = {isa = PBXBuildFile; fileRef = F1B1CB2024C0C04300C0E7FD /* SearchController+Ext.swift */; };
		F1A3511C24BD20830023F8CC /* AppDelegate.swift in Sources */ = {isa = PBXBuildFile; fileRef = F1A3511B24BD20830023F8CC /* AppDelegate.swift */; };
		F1A3511E24BD20830023F8CC /* SceneDelegate.swift in Sources */ = {isa = PBXBuildFile; fileRef = F1A3511D24BD20830023F8CC /* SceneDelegate.swift */; };
		F1A3512024BD20830023F8CC /* SearchController.swift in Sources */ = {isa = PBXBuildFile; fileRef = F1A3511F24BD20830023F8CC /* SearchController.swift */; };
		F1A3512524BD20860023F8CC /* Assets.xcassets in Resources */ = {isa = PBXBuildFile; fileRef = F1A3512424BD20860023F8CC /* Assets.xcassets */; };
		F1A3512824BD20860023F8CC /* LaunchScreen.storyboard in Resources */ = {isa = PBXBuildFile; fileRef = F1A3512624BD20860023F8CC /* LaunchScreen.storyboard */; };
		F1A3513024BD23AF0023F8CC /* Media.swift in Sources */ = {isa = PBXBuildFile; fileRef = F1A3512F24BD23AF0023F8CC /* Media.swift */; };
		F1A3513224BD2D860023F8CC /* ApiResult.swift in Sources */ = {isa = PBXBuildFile; fileRef = F1A3513124BD2D860023F8CC /* ApiResult.swift */; };
		F1B1CB0924BE592C00C0E7FD /* MediaItem.swift in Sources */ = {isa = PBXBuildFile; fileRef = F1B1CB0824BE592C00C0E7FD /* MediaItem.swift */; };
		F1B1CB0B24BE617A00C0E7FD /* CollectionViewCell.swift in Sources */ = {isa = PBXBuildFile; fileRef = F1B1CB0A24BE617A00C0E7FD /* CollectionViewCell.swift */; };
		F1B1CB1424BF56AD00C0E7FD /* DetailViewController.swift in Sources */ = {isa = PBXBuildFile; fileRef = F1B1CB1324BF56AD00C0E7FD /* DetailViewController.swift */; };
		F1B1CB1B24C0A78F00C0E7FD /* UIView+Ext.swift in Sources */ = {isa = PBXBuildFile; fileRef = F1B1CB1A24C0A78F00C0E7FD /* UIView+Ext.swift */; };
		F1B1CB1F24C0C03900C0E7FD /* UISearchBar+Ext.swift in Sources */ = {isa = PBXBuildFile; fileRef = F1B1CB1E24C0C03900C0E7FD /* UISearchBar+Ext.swift */; };
		F1B1CB2324C0C0CD00C0E7FD /* UICollectionView+Ext.swift in Sources */ = {isa = PBXBuildFile; fileRef = F1B1CB2224C0C0CD00C0E7FD /* UICollectionView+Ext.swift */; };
		F1B1CB2624C0C19A00C0E7FD /* NetworkHandler.swift in Sources */ = {isa = PBXBuildFile; fileRef = F1B1CB2524C0C19A00C0E7FD /* NetworkHandler.swift */; };
		F1B1CB2B24C0C5D200C0E7FD /* Images.swift in Sources */ = {isa = PBXBuildFile; fileRef = F1B1CB2A24C0C5D100C0E7FD /* Images.swift */; };
/* End PBXBuildFile section */

/* Begin PBXFileReference section */
		F169F6E224C2086700CA3870 /* MovieApiAlertVC.swift */ = {isa = PBXFileReference; lastKnownFileType = sourcecode.swift; path = MovieApiAlertVC.swift; sourceTree = "<group>"; };
		F1A3511824BD20830023F8CC /* movieApi.app */ = {isa = PBXFileReference; explicitFileType = wrapper.application; includeInIndex = 0; path = movieApi.app; sourceTree = BUILT_PRODUCTS_DIR; };
		F1A3511B24BD20830023F8CC /* AppDelegate.swift */ = {isa = PBXFileReference; lastKnownFileType = sourcecode.swift; path = AppDelegate.swift; sourceTree = "<group>"; };
		F1A3511D24BD20830023F8CC /* SceneDelegate.swift */ = {isa = PBXFileReference; lastKnownFileType = sourcecode.swift; path = SceneDelegate.swift; sourceTree = "<group>"; };
		F1A3511F24BD20830023F8CC /* SearchController.swift */ = {isa = PBXFileReference; lastKnownFileType = sourcecode.swift; path = SearchController.swift; sourceTree = "<group>"; };
		F1A3512424BD20860023F8CC /* Assets.xcassets */ = {isa = PBXFileReference; lastKnownFileType = folder.assetcatalog; path = Assets.xcassets; sourceTree = "<group>"; };
		F1A3512724BD20860023F8CC /* Base */ = {isa = PBXFileReference; lastKnownFileType = file.storyboard; name = Base; path = Base.lproj/LaunchScreen.storyboard; sourceTree = "<group>"; };
		F1A3512924BD20860023F8CC /* Info.plist */ = {isa = PBXFileReference; lastKnownFileType = text.plist.xml; path = Info.plist; sourceTree = "<group>"; };
		F1A3512F24BD23AF0023F8CC /* Media.swift */ = {isa = PBXFileReference; lastKnownFileType = sourcecode.swift; path = Media.swift; sourceTree = "<group>"; };
		F1A3513124BD2D860023F8CC /* ApiResult.swift */ = {isa = PBXFileReference; lastKnownFileType = sourcecode.swift; path = ApiResult.swift; sourceTree = "<group>"; };
		F1B1CB0824BE592C00C0E7FD /* MediaItem.swift */ = {isa = PBXFileReference; lastKnownFileType = sourcecode.swift; path = MediaItem.swift; sourceTree = "<group>"; };
		F1B1CB0A24BE617A00C0E7FD /* CollectionViewCell.swift */ = {isa = PBXFileReference; lastKnownFileType = sourcecode.swift; path = CollectionViewCell.swift; sourceTree = "<group>"; };
		F1B1CB1324BF56AD00C0E7FD /* DetailViewController.swift */ = {isa = PBXFileReference; lastKnownFileType = sourcecode.swift; path = DetailViewController.swift; sourceTree = "<group>"; };
		F1B1CB1A24C0A78F00C0E7FD /* UIView+Ext.swift */ = {isa = PBXFileReference; lastKnownFileType = sourcecode.swift; path = "UIView+Ext.swift"; sourceTree = "<group>"; };
		F1B1CB1E24C0C03900C0E7FD /* UISearchBar+Ext.swift */ = {isa = PBXFileReference; lastKnownFileType = sourcecode.swift; path = "UISearchBar+Ext.swift"; sourceTree = "<group>"; };
		F1B1CB2024C0C04300C0E7FD /* SearchController+Ext.swift */ = {isa = PBXFileReference; lastKnownFileType = sourcecode.swift; name = "SearchController+Ext.swift"; path = "New Group/SearchController+Ext.swift"; sourceTree = "<group>"; };
		F1B1CB2224C0C0CD00C0E7FD /* UICollectionView+Ext.swift */ = {isa = PBXFileReference; lastKnownFileType = sourcecode.swift; path = "UICollectionView+Ext.swift"; sourceTree = "<group>"; };
		F1B1CB2524C0C19A00C0E7FD /* NetworkHandler.swift */ = {isa = PBXFileReference; lastKnownFileType = sourcecode.swift; path = NetworkHandler.swift; sourceTree = "<group>"; };
		F1B1CB2A24C0C5D100C0E7FD /* Images.swift */ = {isa = PBXFileReference; lastKnownFileType = sourcecode.swift; path = Images.swift; sourceTree = "<group>"; };
/* End PBXFileReference section */

/* Begin PBXFrameworksBuildPhase section */
		F1A3511524BD20830023F8CC /* Frameworks */ = {
			isa = PBXFrameworksBuildPhase;
			buildActionMask = 2147483647;
			files = (
			);
			runOnlyForDeploymentPostprocessing = 0;
		};
/* End PBXFrameworksBuildPhase section */

/* Begin PBXGroup section */
		F169F6E424C2265000CA3870 /* Views */ = {
			isa = PBXGroup;
			children = (
			);
			path = Views;
			sourceTree = "<group>";
		};
		F169F6E524C2265B00CA3870 /* View Controllers */ = {
			isa = PBXGroup;
			children = (
				F169F6E224C2086700CA3870 /* MovieApiAlertVC.swift */,
			);
			path = "View Controllers";
			sourceTree = "<group>";
		};
		F1A3510F24BD20830023F8CC = {
			isa = PBXGroup;
			children = (
				F1A3511A24BD20830023F8CC /* movieApi */,
				F1A3511924BD20830023F8CC /* Products */,
			);
			sourceTree = "<group>";
		};
		F1A3511924BD20830023F8CC /* Products */ = {
			isa = PBXGroup;
			children = (
				F1A3511824BD20830023F8CC /* movieApi.app */,
			);
			name = Products;
			sourceTree = "<group>";
		};
		F1A3511A24BD20830023F8CC /* movieApi */ = {
			isa = PBXGroup;
			children = (
				F1B1CB2724C0C5AB00C0E7FD /* Enums */,
				F1B1CB2424C0C19100C0E7FD /* Network */,
				F1B1CB1924C0A77F00C0E7FD /* Extensions */,
				F1B1CB1024BE8AFE00C0E7FD /* Custom Views */,
				F1B1CB0F24BE630900C0E7FD /* Model */,
				F1B1CB0E24BE62EC00C0E7FD /* Screens */,
				F1B1CB0A24BE617A00C0E7FD /* CollectionViewCell.swift */,
				F1B1CB0C24BE62A700C0E7FD /* Supporting Files */,
			);
			path = movieApi;
			sourceTree = "<group>";
		};
		F1B1CB0C24BE62A700C0E7FD /* Supporting Files */ = {
			isa = PBXGroup;
			children = (
				F1A3511B24BD20830023F8CC /* AppDelegate.swift */,
				F1A3511D24BD20830023F8CC /* SceneDelegate.swift */,
				F1A3512424BD20860023F8CC /* Assets.xcassets */,
				F1A3512624BD20860023F8CC /* LaunchScreen.storyboard */,
				F1A3512924BD20860023F8CC /* Info.plist */,
			);
			path = "Supporting Files";
			sourceTree = "<group>";
		};
		F1B1CB0E24BE62EC00C0E7FD /* Screens */ = {
			isa = PBXGroup;
			children = (
				F1A3511F24BD20830023F8CC /* SearchController.swift */,
				F1B1CB1324BF56AD00C0E7FD /* DetailViewController.swift */,
			);
			path = Screens;
			sourceTree = "<group>";
		};
		F1B1CB0F24BE630900C0E7FD /* Model */ = {
			isa = PBXGroup;
			children = (
				F1A3512F24BD23AF0023F8CC /* Media.swift */,
				F1A3513124BD2D860023F8CC /* ApiResult.swift */,
				F1B1CB0824BE592C00C0E7FD /* MediaItem.swift */,
			);
			path = Model;
			sourceTree = "<group>";
		};
		F1B1CB1024BE8AFE00C0E7FD /* Custom Views */ = {
			isa = PBXGroup;
			children = (
				F169F6E524C2265B00CA3870 /* View Controllers */,
				F169F6E424C2265000CA3870 /* Views */,
			);
			path = "Custom Views";
			sourceTree = "<group>";
		};
		F1B1CB1924C0A77F00C0E7FD /* Extensions */ = {
			isa = PBXGroup;
			children = (
				F1B1CB1A24C0A78F00C0E7FD /* UIView+Ext.swift */,
				F1B1CB1E24C0C03900C0E7FD /* UISearchBar+Ext.swift */,
				F1B1CB2024C0C04300C0E7FD /* SearchController+Ext.swift */,
				F1B1CB2224C0C0CD00C0E7FD /* UICollectionView+Ext.swift */,
			);
			path = Extensions;
			sourceTree = "<group>";
		};
		F1B1CB2424C0C19100C0E7FD /* Network */ = {
			isa = PBXGroup;
			children = (
				F1B1CB2524C0C19A00C0E7FD /* NetworkHandler.swift */,
			);
			path = Network;
			sourceTree = "<group>";
		};
		F1B1CB2724C0C5AB00C0E7FD /* Enums */ = {
			isa = PBXGroup;
			children = (
				F1B1CB2A24C0C5D100C0E7FD /* Images.swift */,
			);
			path = Enums;
			sourceTree = "<group>";
		};
/* End PBXGroup section */

/* Begin PBXNativeTarget section */
		F1A3511724BD20830023F8CC /* movieApi */ = {
			isa = PBXNativeTarget;
			buildConfigurationList = F1A3512C24BD20860023F8CC /* Build configuration list for PBXNativeTarget "movieApi" */;
			buildPhases = (
				F1A3511424BD20830023F8CC /* Sources */,
				F1A3511524BD20830023F8CC /* Frameworks */,
				F1A3511624BD20830023F8CC /* Resources */,
			);
			buildRules = (
			);
			dependencies = (
			);
			name = movieApi;
			productName = movieApi;
			productReference = F1A3511824BD20830023F8CC /* movieApi.app */;
			productType = "com.apple.product-type.application";
		};
/* End PBXNativeTarget section */

/* Begin PBXProject section */
		F1A3511024BD20830023F8CC /* Project object */ = {
			isa = PBXProject;
			attributes = {
				LastSwiftUpdateCheck = 1130;
				LastUpgradeCheck = 1130;
				ORGANIZATIONNAME = "Marina Beatriz Santana de Aguiar";
				TargetAttributes = {
					F1A3511724BD20830023F8CC = {
						CreatedOnToolsVersion = 11.3.1;
					};
				};
			};
			buildConfigurationList = F1A3511324BD20830023F8CC /* Build configuration list for PBXProject "movieApi" */;
			compatibilityVersion = "Xcode 9.3";
			developmentRegion = en;
			hasScannedForEncodings = 0;
			knownRegions = (
				en,
				Base,
			);
			mainGroup = F1A3510F24BD20830023F8CC;
			productRefGroup = F1A3511924BD20830023F8CC /* Products */;
			projectDirPath = "";
			projectRoot = "";
			targets = (
				F1A3511724BD20830023F8CC /* movieApi */,
			);
		};
/* End PBXProject section */

/* Begin PBXResourcesBuildPhase section */
		F1A3511624BD20830023F8CC /* Resources */ = {
			isa = PBXResourcesBuildPhase;
			buildActionMask = 2147483647;
			files = (
				F1A3512824BD20860023F8CC /* LaunchScreen.storyboard in Resources */,
				F1A3512524BD20860023F8CC /* Assets.xcassets in Resources */,
			);
			runOnlyForDeploymentPostprocessing = 0;
		};
/* End PBXResourcesBuildPhase section */

/* Begin PBXSourcesBuildPhase section */
		F1A3511424BD20830023F8CC /* Sources */ = {
			isa = PBXSourcesBuildPhase;
			buildActionMask = 2147483647;
			files = (
				F169F6E324C2086700CA3870 /* MovieApiAlertVC.swift in Sources */,
				F1B1CB0924BE592C00C0E7FD /* MediaItem.swift in Sources */,
				F1A3512024BD20830023F8CC /* SearchController.swift in Sources */,
				F169F6EB24C234EA00CA3870 /* SearchController+Ext.swift in Sources */,
				F1A3511C24BD20830023F8CC /* AppDelegate.swift in Sources */,
				F1B1CB1F24C0C03900C0E7FD /* UISearchBar+Ext.swift in Sources */,
				F1B1CB0B24BE617A00C0E7FD /* CollectionViewCell.swift in Sources */,
				F1A3513224BD2D860023F8CC /* ApiResult.swift in Sources */,
				F1A3513024BD23AF0023F8CC /* Media.swift in Sources */,
				F1B1CB2B24C0C5D200C0E7FD /* Images.swift in Sources */,
				F1B1CB1B24C0A78F00C0E7FD /* UIView+Ext.swift in Sources */,
				F1B1CB2624C0C19A00C0E7FD /* NetworkHandler.swift in Sources */,
				F1A3511E24BD20830023F8CC /* SceneDelegate.swift in Sources */,
				F1B1CB2324C0C0CD00C0E7FD /* UICollectionView+Ext.swift in Sources */,
				F1B1CB1424BF56AD00C0E7FD /* DetailViewController.swift in Sources */,
			);
			runOnlyForDeploymentPostprocessing = 0;
		};
/* End PBXSourcesBuildPhase section */

/* Begin PBXVariantGroup section */
		F1A3512624BD20860023F8CC /* LaunchScreen.storyboard */ = {
			isa = PBXVariantGroup;
			children = (
				F1A3512724BD20860023F8CC /* Base */,
			);
			name = LaunchScreen.storyboard;
			sourceTree = "<group>";
		};
/* End PBXVariantGroup section */

/* Begin XCBuildConfiguration section */
		F1A3512A24BD20860023F8CC /* Debug */ = {
			isa = XCBuildConfiguration;
			buildSettings = {
				ALWAYS_SEARCH_USER_PATHS = NO;
				CLANG_ANALYZER_NONNULL = YES;
				CLANG_ANALYZER_NUMBER_OBJECT_CONVERSION = YES_AGGRESSIVE;
				CLANG_CXX_LANGUAGE_STANDARD = "gnu++14";
				CLANG_CXX_LIBRARY = "libc++";
				CLANG_ENABLE_MODULES = YES;
				CLANG_ENABLE_OBJC_ARC = YES;
				CLANG_ENABLE_OBJC_WEAK = YES;
				CLANG_WARN_BLOCK_CAPTURE_AUTORELEASING = YES;
				CLANG_WARN_BOOL_CONVERSION = YES;
				CLANG_WARN_COMMA = YES;
				CLANG_WARN_CONSTANT_CONVERSION = YES;
				CLANG_WARN_DEPRECATED_OBJC_IMPLEMENTATIONS = YES;
				CLANG_WARN_DIRECT_OBJC_ISA_USAGE = YES_ERROR;
				CLANG_WARN_DOCUMENTATION_COMMENTS = YES;
				CLANG_WARN_EMPTY_BODY = YES;
				CLANG_WARN_ENUM_CONVERSION = YES;
				CLANG_WARN_INFINITE_RECURSION = YES;
				CLANG_WARN_INT_CONVERSION = YES;
				CLANG_WARN_NON_LITERAL_NULL_CONVERSION = YES;
				CLANG_WARN_OBJC_IMPLICIT_RETAIN_SELF = YES;
				CLANG_WARN_OBJC_LITERAL_CONVERSION = YES;
				CLANG_WARN_OBJC_ROOT_CLASS = YES_ERROR;
				CLANG_WARN_RANGE_LOOP_ANALYSIS = YES;
				CLANG_WARN_STRICT_PROTOTYPES = YES;
				CLANG_WARN_SUSPICIOUS_MOVE = YES;
				CLANG_WARN_UNGUARDED_AVAILABILITY = YES_AGGRESSIVE;
				CLANG_WARN_UNREACHABLE_CODE = YES;
				CLANG_WARN__DUPLICATE_METHOD_MATCH = YES;
				COPY_PHASE_STRIP = NO;
				DEBUG_INFORMATION_FORMAT = dwarf;
				ENABLE_STRICT_OBJC_MSGSEND = YES;
				ENABLE_TESTABILITY = YES;
				GCC_C_LANGUAGE_STANDARD = gnu11;
				GCC_DYNAMIC_NO_PIC = NO;
				GCC_NO_COMMON_BLOCKS = YES;
				GCC_OPTIMIZATION_LEVEL = 0;
				GCC_PREPROCESSOR_DEFINITIONS = (
					"DEBUG=1",
					"$(inherited)",
				);
				GCC_WARN_64_TO_32_BIT_CONVERSION = YES;
				GCC_WARN_ABOUT_RETURN_TYPE = YES_ERROR;
				GCC_WARN_UNDECLARED_SELECTOR = YES;
				GCC_WARN_UNINITIALIZED_AUTOS = YES_AGGRESSIVE;
				GCC_WARN_UNUSED_FUNCTION = YES;
				GCC_WARN_UNUSED_VARIABLE = YES;
				IPHONEOS_DEPLOYMENT_TARGET = 13.2;
				MTL_ENABLE_DEBUG_INFO = INCLUDE_SOURCE;
				MTL_FAST_MATH = YES;
				ONLY_ACTIVE_ARCH = YES;
				SDKROOT = iphoneos;
				SWIFT_ACTIVE_COMPILATION_CONDITIONS = DEBUG;
				SWIFT_OPTIMIZATION_LEVEL = "-Onone";
			};
			name = Debug;
		};
		F1A3512B24BD20860023F8CC /* Release */ = {
			isa = XCBuildConfiguration;
			buildSettings = {
				ALWAYS_SEARCH_USER_PATHS = NO;
				CLANG_ANALYZER_NONNULL = YES;
				CLANG_ANALYZER_NUMBER_OBJECT_CONVERSION = YES_AGGRESSIVE;
				CLANG_CXX_LANGUAGE_STANDARD = "gnu++14";
				CLANG_CXX_LIBRARY = "libc++";
				CLANG_ENABLE_MODULES = YES;
				CLANG_ENABLE_OBJC_ARC = YES;
				CLANG_ENABLE_OBJC_WEAK = YES;
				CLANG_WARN_BLOCK_CAPTURE_AUTORELEASING = YES;
				CLANG_WARN_BOOL_CONVERSION = YES;
				CLANG_WARN_COMMA = YES;
				CLANG_WARN_CONSTANT_CONVERSION = YES;
				CLANG_WARN_DEPRECATED_OBJC_IMPLEMENTATIONS = YES;
				CLANG_WARN_DIRECT_OBJC_ISA_USAGE = YES_ERROR;
				CLANG_WARN_DOCUMENTATION_COMMENTS = YES;
				CLANG_WARN_EMPTY_BODY = YES;
				CLANG_WARN_ENUM_CONVERSION = YES;
				CLANG_WARN_INFINITE_RECURSION = YES;
				CLANG_WARN_INT_CONVERSION = YES;
				CLANG_WARN_NON_LITERAL_NULL_CONVERSION = YES;
				CLANG_WARN_OBJC_IMPLICIT_RETAIN_SELF = YES;
				CLANG_WARN_OBJC_LITERAL_CONVERSION = YES;
				CLANG_WARN_OBJC_ROOT_CLASS = YES_ERROR;
				CLANG_WARN_RANGE_LOOP_ANALYSIS = YES;
				CLANG_WARN_STRICT_PROTOTYPES = YES;
				CLANG_WARN_SUSPICIOUS_MOVE = YES;
				CLANG_WARN_UNGUARDED_AVAILABILITY = YES_AGGRESSIVE;
				CLANG_WARN_UNREACHABLE_CODE = YES;
				CLANG_WARN__DUPLICATE_METHOD_MATCH = YES;
				COPY_PHASE_STRIP = NO;
				DEBUG_INFORMATION_FORMAT = "dwarf-with-dsym";
				ENABLE_NS_ASSERTIONS = NO;
				ENABLE_STRICT_OBJC_MSGSEND = YES;
				GCC_C_LANGUAGE_STANDARD = gnu11;
				GCC_NO_COMMON_BLOCKS = YES;
				GCC_WARN_64_TO_32_BIT_CONVERSION = YES;
				GCC_WARN_ABOUT_RETURN_TYPE = YES_ERROR;
				GCC_WARN_UNDECLARED_SELECTOR = YES;
				GCC_WARN_UNINITIALIZED_AUTOS = YES_AGGRESSIVE;
				GCC_WARN_UNUSED_FUNCTION = YES;
				GCC_WARN_UNUSED_VARIABLE = YES;
				IPHONEOS_DEPLOYMENT_TARGET = 13.2;
				MTL_ENABLE_DEBUG_INFO = NO;
				MTL_FAST_MATH = YES;
				SDKROOT = iphoneos;
				SWIFT_COMPILATION_MODE = wholemodule;
				SWIFT_OPTIMIZATION_LEVEL = "-O";
				VALIDATE_PRODUCT = YES;
			};
			name = Release;
		};
		F1A3512D24BD20860023F8CC /* Debug */ = {
			isa = XCBuildConfiguration;
			buildSettings = {
				ASSETCATALOG_COMPILER_APPICON_NAME = AppIcon;
				CODE_SIGN_STYLE = Automatic;
				DEVELOPMENT_TEAM = L68H6X9MR3;
				INFOPLIST_FILE = "movieApi/Supporting Files/Info.plist";
				LD_RUNPATH_SEARCH_PATHS = (
					"$(inherited)",
					"@executable_path/Frameworks",
				);
				PRODUCT_BUNDLE_IDENTIFIER = com.mbsa.movieApi;
				PRODUCT_NAME = "$(TARGET_NAME)";
				SWIFT_VERSION = 5.0;
				TARGETED_DEVICE_FAMILY = "1,2";
			};
			name = Debug;
		};
		F1A3512E24BD20860023F8CC /* Release */ = {
			isa = XCBuildConfiguration;
			buildSettings = {
				ASSETCATALOG_COMPILER_APPICON_NAME = AppIcon;
				CODE_SIGN_STYLE = Automatic;
				DEVELOPMENT_TEAM = L68H6X9MR3;
				INFOPLIST_FILE = "movieApi/Supporting Files/Info.plist";
				LD_RUNPATH_SEARCH_PATHS = (
					"$(inherited)",
					"@executable_path/Frameworks",
				);
				PRODUCT_BUNDLE_IDENTIFIER = com.mbsa.movieApi;
				PRODUCT_NAME = "$(TARGET_NAME)";
				SWIFT_VERSION = 5.0;
				TARGETED_DEVICE_FAMILY = "1,2";
			};
			name = Release;
		};
/* End XCBuildConfiguration section */

/* Begin XCConfigurationList section */
		F1A3511324BD20830023F8CC /* Build configuration list for PBXProject "movieApi" */ = {
			isa = XCConfigurationList;
			buildConfigurations = (
				F1A3512A24BD20860023F8CC /* Debug */,
				F1A3512B24BD20860023F8CC /* Release */,
			);
			defaultConfigurationIsVisible = 0;
			defaultConfigurationName = Release;
		};
		F1A3512C24BD20860023F8CC /* Build configuration list for PBXNativeTarget "movieApi" */ = {
			isa = XCConfigurationList;
			buildConfigurations = (
				F1A3512D24BD20860023F8CC /* Debug */,
				F1A3512E24BD20860023F8CC /* Release */,
			);
			defaultConfigurationIsVisible = 0;
			defaultConfigurationName = Release;
		};
/* End XCConfigurationList section */
	};
	rootObject = F1A3511024BD20830023F8CC /* Project object */;
}
